// !$*UTF8*$!
{
	archiveVersion = 1;
	classes = {
	};
	objectVersion = 52;
	objects = {

/* Begin PBXBuildFile section */
		041BAB2426467A050052DB2E /* WebView.swift in Sources */ = {isa = PBXBuildFile; fileRef = 041BAB2326467A050052DB2E /* WebView.swift */; };
		041BAB2626467A3E0052DB2E /* NewsDetailView.swift in Sources */ = {isa = PBXBuildFile; fileRef = 041BAB2526467A3E0052DB2E /* NewsDetailView.swift */; };
		041BAB2826467C0E0052DB2E /* NewsDetailPresenter.swift in Sources */ = {isa = PBXBuildFile; fileRef = 041BAB2726467C0E0052DB2E /* NewsDetailPresenter.swift */; };
		041BAB2B264682F00052DB2E /* DetailRouter.swift in Sources */ = {isa = PBXBuildFile; fileRef = 041BAB2A264682F00052DB2E /* DetailRouter.swift */; };
		043E12BF2647458300C7879E /* VideoResponse.swift in Sources */ = {isa = PBXBuildFile; fileRef = 043E12BE2647458300C7879E /* VideoResponse.swift */; };
		043E12C1264746BB00C7879E /* VideoModel.swift in Sources */ = {isa = PBXBuildFile; fileRef = 043E12C0264746BB00C7879E /* VideoModel.swift */; };
		043E12C326474CFC00C7879E /* VideoMapper.swift in Sources */ = {isa = PBXBuildFile; fileRef = 043E12C226474CFC00C7879E /* VideoMapper.swift */; };
		043E12C52647510C00C7879E /* NewsDetailUseCase.swift in Sources */ = {isa = PBXBuildFile; fileRef = 043E12C42647510C00C7879E /* NewsDetailUseCase.swift */; };
		045C63722649EF4A0034D443 /* YoutubeView.swift in Sources */ = {isa = PBXBuildFile; fileRef = 045C63712649EF4A0034D443 /* YoutubeView.swift */; };
		0477E61F2647B403006F2CBB /* VideoListItem.swift in Sources */ = {isa = PBXBuildFile; fileRef = 0477E61E2647B403006F2CBB /* VideoListItem.swift */; };
		0477E6212647D487006F2CBB /* TopNewsRouter.swift in Sources */ = {isa = PBXBuildFile; fileRef = 0477E6202647D487006F2CBB /* TopNewsRouter.swift */; };
		047D5427264650CA005095EC /* TopNewsView.swift in Sources */ = {isa = PBXBuildFile; fileRef = 047D5426264650CA005095EC /* TopNewsView.swift */; };
		047D542C2646515A005095EC /* ApiCall.swift in Sources */ = {isa = PBXBuildFile; fileRef = 047D542B2646515A005095EC /* ApiCall.swift */; };
		047D542E26465260005095EC /* TopNewsPresenter.swift in Sources */ = {isa = PBXBuildFile; fileRef = 047D542D26465260005095EC /* TopNewsPresenter.swift */; };
		047D543026465544005095EC /* TopNewsUseCase.swift in Sources */ = {isa = PBXBuildFile; fileRef = 047D542F26465544005095EC /* TopNewsUseCase.swift */; };
		047D5432264655CA005095EC /* HomeRouter.swift in Sources */ = {isa = PBXBuildFile; fileRef = 047D5431264655CA005095EC /* HomeRouter.swift */; };
		04A8479726452B140038A464 /* SDWebImageSwiftUI in Frameworks */ = {isa = PBXBuildFile; productRef = 04A8479626452B140038A464 /* SDWebImageSwiftUI */; };
		04A8479926452C600038A464 /* NewsListItem.swift in Sources */ = {isa = PBXBuildFile; fileRef = 04A8479826452C600038A464 /* NewsListItem.swift */; };
		04A8479B26453C6E0038A464 /* TopicBlockItem.swift in Sources */ = {isa = PBXBuildFile; fileRef = 04A8479A26453C6E0038A464 /* TopicBlockItem.swift */; };
		04EC5E822644C0E400E4EC74 /* AppDelegate.swift in Sources */ = {isa = PBXBuildFile; fileRef = 04EC5E812644C0E400E4EC74 /* AppDelegate.swift */; };
		04EC5E842644C0E400E4EC74 /* SceneDelegate.swift in Sources */ = {isa = PBXBuildFile; fileRef = 04EC5E832644C0E400E4EC74 /* SceneDelegate.swift */; };
		04EC5E862644C0E400E4EC74 /* ContentView.swift in Sources */ = {isa = PBXBuildFile; fileRef = 04EC5E852644C0E400E4EC74 /* ContentView.swift */; };
		04EC5E882644C0E500E4EC74 /* Assets.xcassets in Resources */ = {isa = PBXBuildFile; fileRef = 04EC5E872644C0E500E4EC74 /* Assets.xcassets */; };
		04EC5E8B2644C0E500E4EC74 /* Preview Assets.xcassets in Resources */ = {isa = PBXBuildFile; fileRef = 04EC5E8A2644C0E500E4EC74 /* Preview Assets.xcassets */; };
		04EC5E8E2644C0E500E4EC74 /* LaunchScreen.storyboard in Resources */ = {isa = PBXBuildFile; fileRef = 04EC5E8C2644C0E500E4EC74 /* LaunchScreen.storyboard */; };
		04EC5E992644C0E500E4EC74 /* SimpleNewsTests.swift in Sources */ = {isa = PBXBuildFile; fileRef = 04EC5E982644C0E500E4EC74 /* SimpleNewsTests.swift */; };
		04EC5EA42644C0E500E4EC74 /* SimpleNewsUITests.swift in Sources */ = {isa = PBXBuildFile; fileRef = 04EC5EA32644C0E500E4EC74 /* SimpleNewsUITests.swift */; };
		04EC5EC12644C25600E4EC74 /* .swiftlint.yml in Resources */ = {isa = PBXBuildFile; fileRef = 04EC5EC02644C25600E4EC74 /* .swiftlint.yml */; };
		04EC5EC62644C44B00E4EC74 /* NewsResponse.swift in Sources */ = {isa = PBXBuildFile; fileRef = 04EC5EC52644C44B00E4EC74 /* NewsResponse.swift */; };
		04EC5EC82644C47100E4EC74 /* RemoteDataSource.swift in Sources */ = {isa = PBXBuildFile; fileRef = 04EC5EC72644C47100E4EC74 /* RemoteDataSource.swift */; };
		04EC5ECB2644C56800E4EC74 /* Alamofire in Frameworks */ = {isa = PBXBuildFile; productRef = 04EC5ECA2644C56800E4EC74 /* Alamofire */; };
		04EC5ECD2644C61600E4EC74 /* NewsModel.swift in Sources */ = {isa = PBXBuildFile; fileRef = 04EC5ECC2644C61600E4EC74 /* NewsModel.swift */; };
		04EC5ED12644C83600E4EC74 /* NewsMapper.swift in Sources */ = {isa = PBXBuildFile; fileRef = 04EC5ED02644C83600E4EC74 /* NewsMapper.swift */; };
		04EC5ED32644CB3E00E4EC74 /* HomeUseCase.swift in Sources */ = {isa = PBXBuildFile; fileRef = 04EC5ED22644CB3E00E4EC74 /* HomeUseCase.swift */; };
		04EC5ED52644CB5A00E4EC74 /* Repository.swift in Sources */ = {isa = PBXBuildFile; fileRef = 04EC5ED42644CB5A00E4EC74 /* Repository.swift */; };
		04EC5ED72644CC9700E4EC74 /* Injection.swift in Sources */ = {isa = PBXBuildFile; fileRef = 04EC5ED62644CC9700E4EC74 /* Injection.swift */; };
		04EC5EDC2644CD2C00E4EC74 /* HomePresenter.swift in Sources */ = {isa = PBXBuildFile; fileRef = 04EC5EDB2644CD2C00E4EC74 /* HomePresenter.swift */; };
		04EC5EDE2644CD4400E4EC74 /* HomeView.swift in Sources */ = {isa = PBXBuildFile; fileRef = 04EC5EDD2644CD4400E4EC74 /* HomeView.swift */; };
/* End PBXBuildFile section */

/* Begin PBXContainerItemProxy section */
		04EC5E952644C0E500E4EC74 /* PBXContainerItemProxy */ = {
			isa = PBXContainerItemProxy;
			containerPortal = 04EC5E762644C0E400E4EC74 /* Project object */;
			proxyType = 1;
			remoteGlobalIDString = 04EC5E7D2644C0E400E4EC74;
			remoteInfo = SimpleNews;
		};
		04EC5EA02644C0E500E4EC74 /* PBXContainerItemProxy */ = {
			isa = PBXContainerItemProxy;
			containerPortal = 04EC5E762644C0E400E4EC74 /* Project object */;
			proxyType = 1;
			remoteGlobalIDString = 04EC5E7D2644C0E400E4EC74;
			remoteInfo = SimpleNews;
		};
/* End PBXContainerItemProxy section */

/* Begin PBXFileReference section */
		041BAB2326467A050052DB2E /* WebView.swift */ = {isa = PBXFileReference; lastKnownFileType = sourcecode.swift; path = WebView.swift; sourceTree = "<group>"; };
		041BAB2526467A3E0052DB2E /* NewsDetailView.swift */ = {isa = PBXFileReference; lastKnownFileType = sourcecode.swift; path = NewsDetailView.swift; sourceTree = "<group>"; };
		041BAB2726467C0E0052DB2E /* NewsDetailPresenter.swift */ = {isa = PBXFileReference; lastKnownFileType = sourcecode.swift; path = NewsDetailPresenter.swift; sourceTree = "<group>"; };
		041BAB2A264682F00052DB2E /* DetailRouter.swift */ = {isa = PBXFileReference; lastKnownFileType = sourcecode.swift; path = DetailRouter.swift; sourceTree = "<group>"; };
		043E12BE2647458300C7879E /* VideoResponse.swift */ = {isa = PBXFileReference; lastKnownFileType = sourcecode.swift; path = VideoResponse.swift; sourceTree = "<group>"; };
		043E12C0264746BB00C7879E /* VideoModel.swift */ = {isa = PBXFileReference; lastKnownFileType = sourcecode.swift; path = VideoModel.swift; sourceTree = "<group>"; };
		043E12C226474CFC00C7879E /* VideoMapper.swift */ = {isa = PBXFileReference; lastKnownFileType = sourcecode.swift; path = VideoMapper.swift; sourceTree = "<group>"; };
		043E12C42647510C00C7879E /* NewsDetailUseCase.swift */ = {isa = PBXFileReference; lastKnownFileType = sourcecode.swift; path = NewsDetailUseCase.swift; sourceTree = "<group>"; };
		045C63712649EF4A0034D443 /* YoutubeView.swift */ = {isa = PBXFileReference; lastKnownFileType = sourcecode.swift; path = YoutubeView.swift; sourceTree = "<group>"; };
		0477E61E2647B403006F2CBB /* VideoListItem.swift */ = {isa = PBXFileReference; lastKnownFileType = sourcecode.swift; path = VideoListItem.swift; sourceTree = "<group>"; };
		0477E6202647D487006F2CBB /* TopNewsRouter.swift */ = {isa = PBXFileReference; lastKnownFileType = sourcecode.swift; path = TopNewsRouter.swift; sourceTree = "<group>"; };
		047D5426264650CA005095EC /* TopNewsView.swift */ = {isa = PBXFileReference; lastKnownFileType = sourcecode.swift; path = TopNewsView.swift; sourceTree = "<group>"; };
		047D542B2646515A005095EC /* ApiCall.swift */ = {isa = PBXFileReference; lastKnownFileType = sourcecode.swift; path = ApiCall.swift; sourceTree = "<group>"; };
		047D542D26465260005095EC /* TopNewsPresenter.swift */ = {isa = PBXFileReference; lastKnownFileType = sourcecode.swift; path = TopNewsPresenter.swift; sourceTree = "<group>"; };
		047D542F26465544005095EC /* TopNewsUseCase.swift */ = {isa = PBXFileReference; lastKnownFileType = sourcecode.swift; path = TopNewsUseCase.swift; sourceTree = "<group>"; };
		047D5431264655CA005095EC /* HomeRouter.swift */ = {isa = PBXFileReference; lastKnownFileType = sourcecode.swift; path = HomeRouter.swift; sourceTree = "<group>"; };
		04A8479826452C600038A464 /* NewsListItem.swift */ = {isa = PBXFileReference; lastKnownFileType = sourcecode.swift; path = NewsListItem.swift; sourceTree = "<group>"; };
		04A8479A26453C6E0038A464 /* TopicBlockItem.swift */ = {isa = PBXFileReference; lastKnownFileType = sourcecode.swift; path = TopicBlockItem.swift; sourceTree = "<group>"; };
		04EC5E7E2644C0E400E4EC74 /* SimpleNews.app */ = {isa = PBXFileReference; explicitFileType = wrapper.application; includeInIndex = 0; path = SimpleNews.app; sourceTree = BUILT_PRODUCTS_DIR; };
		04EC5E812644C0E400E4EC74 /* AppDelegate.swift */ = {isa = PBXFileReference; lastKnownFileType = sourcecode.swift; path = AppDelegate.swift; sourceTree = "<group>"; };
		04EC5E832644C0E400E4EC74 /* SceneDelegate.swift */ = {isa = PBXFileReference; lastKnownFileType = sourcecode.swift; path = SceneDelegate.swift; sourceTree = "<group>"; };
		04EC5E852644C0E400E4EC74 /* ContentView.swift */ = {isa = PBXFileReference; lastKnownFileType = sourcecode.swift; path = ContentView.swift; sourceTree = "<group>"; };
		04EC5E872644C0E500E4EC74 /* Assets.xcassets */ = {isa = PBXFileReference; lastKnownFileType = folder.assetcatalog; path = Assets.xcassets; sourceTree = "<group>"; };
		04EC5E8A2644C0E500E4EC74 /* Preview Assets.xcassets */ = {isa = PBXFileReference; lastKnownFileType = folder.assetcatalog; path = "Preview Assets.xcassets"; sourceTree = "<group>"; };
		04EC5E8D2644C0E500E4EC74 /* Base */ = {isa = PBXFileReference; lastKnownFileType = file.storyboard; name = Base; path = Base.lproj/LaunchScreen.storyboard; sourceTree = "<group>"; };
		04EC5E8F2644C0E500E4EC74 /* Info.plist */ = {isa = PBXFileReference; lastKnownFileType = text.plist.xml; path = Info.plist; sourceTree = "<group>"; };
		04EC5E942644C0E500E4EC74 /* SimpleNewsTests.xctest */ = {isa = PBXFileReference; explicitFileType = wrapper.cfbundle; includeInIndex = 0; path = SimpleNewsTests.xctest; sourceTree = BUILT_PRODUCTS_DIR; };
		04EC5E982644C0E500E4EC74 /* SimpleNewsTests.swift */ = {isa = PBXFileReference; lastKnownFileType = sourcecode.swift; path = SimpleNewsTests.swift; sourceTree = "<group>"; };
		04EC5E9A2644C0E500E4EC74 /* Info.plist */ = {isa = PBXFileReference; lastKnownFileType = text.plist.xml; path = Info.plist; sourceTree = "<group>"; };
		04EC5E9F2644C0E500E4EC74 /* SimpleNewsUITests.xctest */ = {isa = PBXFileReference; explicitFileType = wrapper.cfbundle; includeInIndex = 0; path = SimpleNewsUITests.xctest; sourceTree = BUILT_PRODUCTS_DIR; };
		04EC5EA32644C0E500E4EC74 /* SimpleNewsUITests.swift */ = {isa = PBXFileReference; lastKnownFileType = sourcecode.swift; path = SimpleNewsUITests.swift; sourceTree = "<group>"; };
		04EC5EA52644C0E500E4EC74 /* Info.plist */ = {isa = PBXFileReference; lastKnownFileType = text.plist.xml; path = Info.plist; sourceTree = "<group>"; };
		04EC5EC02644C25600E4EC74 /* .swiftlint.yml */ = {isa = PBXFileReference; lastKnownFileType = text.yaml; path = .swiftlint.yml; sourceTree = "<group>"; };
		04EC5EC52644C44B00E4EC74 /* NewsResponse.swift */ = {isa = PBXFileReference; lastKnownFileType = sourcecode.swift; path = NewsResponse.swift; sourceTree = "<group>"; };
		04EC5EC72644C47100E4EC74 /* RemoteDataSource.swift */ = {isa = PBXFileReference; lastKnownFileType = sourcecode.swift; path = RemoteDataSource.swift; sourceTree = "<group>"; };
		04EC5ECC2644C61600E4EC74 /* NewsModel.swift */ = {isa = PBXFileReference; lastKnownFileType = sourcecode.swift; path = NewsModel.swift; sourceTree = "<group>"; };
		04EC5ED02644C83600E4EC74 /* NewsMapper.swift */ = {isa = PBXFileReference; lastKnownFileType = sourcecode.swift; path = NewsMapper.swift; sourceTree = "<group>"; };
		04EC5ED22644CB3E00E4EC74 /* HomeUseCase.swift */ = {isa = PBXFileReference; lastKnownFileType = sourcecode.swift; path = HomeUseCase.swift; sourceTree = "<group>"; };
		04EC5ED42644CB5A00E4EC74 /* Repository.swift */ = {isa = PBXFileReference; lastKnownFileType = sourcecode.swift; path = Repository.swift; sourceTree = "<group>"; };
		04EC5ED62644CC9700E4EC74 /* Injection.swift */ = {isa = PBXFileReference; lastKnownFileType = sourcecode.swift; path = Injection.swift; sourceTree = "<group>"; };
		04EC5EDB2644CD2C00E4EC74 /* HomePresenter.swift */ = {isa = PBXFileReference; lastKnownFileType = sourcecode.swift; path = HomePresenter.swift; sourceTree = "<group>"; };
		04EC5EDD2644CD4400E4EC74 /* HomeView.swift */ = {isa = PBXFileReference; lastKnownFileType = sourcecode.swift; path = HomeView.swift; sourceTree = "<group>"; };
/* End PBXFileReference section */

/* Begin PBXFrameworksBuildPhase section */
		04EC5E7B2644C0E400E4EC74 /* Frameworks */ = {
			isa = PBXFrameworksBuildPhase;
			buildActionMask = 2147483647;
			files = (
				04A8479726452B140038A464 /* SDWebImageSwiftUI in Frameworks */,
				04EC5ECB2644C56800E4EC74 /* Alamofire in Frameworks */,
			);
			runOnlyForDeploymentPostprocessing = 0;
		};
		04EC5E912644C0E500E4EC74 /* Frameworks */ = {
			isa = PBXFrameworksBuildPhase;
			buildActionMask = 2147483647;
			files = (
			);
			runOnlyForDeploymentPostprocessing = 0;
		};
		04EC5E9C2644C0E500E4EC74 /* Frameworks */ = {
			isa = PBXFrameworksBuildPhase;
			buildActionMask = 2147483647;
			files = (
			);
			runOnlyForDeploymentPostprocessing = 0;
		};
/* End PBXFrameworksBuildPhase section */

/* Begin PBXGroup section */
		041BAB20264677260052DB2E /* Presenter */ = {
			isa = PBXGroup;
			children = (
				041BAB2726467C0E0052DB2E /* NewsDetailPresenter.swift */,
			);
			path = Presenter;
			sourceTree = "<group>";
		};
		041BAB21264677370052DB2E /* View */ = {
			isa = PBXGroup;
			children = (
				041BAB2526467A3E0052DB2E /* NewsDetailView.swift */,
				0477E61E2647B403006F2CBB /* VideoListItem.swift */,
			);
			path = View;
			sourceTree = "<group>";
		};
		041BAB22264679FB0052DB2E /* View */ = {
			isa = PBXGroup;
			children = (
				041BAB2326467A050052DB2E /* WebView.swift */,
			);
			path = View;
			sourceTree = "<group>";
		};
		041BAB29264682E00052DB2E /* Router */ = {
			isa = PBXGroup;
			children = (
				041BAB2A264682F00052DB2E /* DetailRouter.swift */,
			);
			path = Router;
			sourceTree = "<group>";
		};
		045C63702649EF390034D443 /* Others */ = {
			isa = PBXGroup;
			children = (
				045C63712649EF4A0034D443 /* YoutubeView.swift */,
			);
			path = Others;
			sourceTree = "<group>";
		};
		047D542126464FCC005095EC /* Others */ = {
			isa = PBXGroup;
			children = (
				047D54242646500A005095EC /* TopNews */,
				047D542226464FE2005095EC /* Detail */,
				047D542326464FF5005095EC /* Web */,
			);
			path = Others;
			sourceTree = "<group>";
		};
		047D542226464FE2005095EC /* Detail */ = {
			isa = PBXGroup;
			children = (
				041BAB21264677370052DB2E /* View */,
				041BAB20264677260052DB2E /* Presenter */,
				041BAB29264682E00052DB2E /* Router */,
				045C63702649EF390034D443 /* Others */,
			);
			path = Detail;
			sourceTree = "<group>";
		};
		047D542326464FF5005095EC /* Web */ = {
			isa = PBXGroup;
			children = (
				041BAB22264679FB0052DB2E /* View */,
			);
			path = Web;
			sourceTree = "<group>";
		};
		047D54242646500A005095EC /* TopNews */ = {
			isa = PBXGroup;
			children = (
				047D5425264650BC005095EC /* View */,
				047D542826465112005095EC /* Presenter */,
				047D54292646511C005095EC /* Router */,
			);
			path = TopNews;
			sourceTree = "<group>";
		};
		047D5425264650BC005095EC /* View */ = {
			isa = PBXGroup;
			children = (
				047D5426264650CA005095EC /* TopNewsView.swift */,
			);
			path = View;
			sourceTree = "<group>";
		};
		047D542826465112005095EC /* Presenter */ = {
			isa = PBXGroup;
			children = (
				047D542D26465260005095EC /* TopNewsPresenter.swift */,
			);
			path = Presenter;
			sourceTree = "<group>";
		};
		047D54292646511C005095EC /* Router */ = {
			isa = PBXGroup;
			children = (
				0477E6202647D487006F2CBB /* TopNewsRouter.swift */,
			);
			path = Router;
			sourceTree = "<group>";
		};
		047D542A26465153005095EC /* API */ = {
			isa = PBXGroup;
			children = (
				047D542B2646515A005095EC /* ApiCall.swift */,
			);
			path = API;
			sourceTree = "<group>";
		};
		04EC5E752644C0E400E4EC74 = {
			isa = PBXGroup;
			children = (
				04EC5EC02644C25600E4EC74 /* .swiftlint.yml */,
				04EC5E802644C0E400E4EC74 /* SimpleNews */,
				04EC5E972644C0E500E4EC74 /* SimpleNewsTests */,
				04EC5EA22644C0E500E4EC74 /* SimpleNewsUITests */,
				04EC5E7F2644C0E400E4EC74 /* Products */,
			);
			sourceTree = "<group>";
		};
		04EC5E7F2644C0E400E4EC74 /* Products */ = {
			isa = PBXGroup;
			children = (
				04EC5E7E2644C0E400E4EC74 /* SimpleNews.app */,
				04EC5E942644C0E500E4EC74 /* SimpleNewsTests.xctest */,
				04EC5E9F2644C0E500E4EC74 /* SimpleNewsUITests.xctest */,
			);
			name = Products;
			sourceTree = "<group>";
		};
		04EC5E802644C0E400E4EC74 /* SimpleNews */ = {
			isa = PBXGroup;
			children = (
				04EC5EB12644C13400E4EC74 /* App */,
				04EC5EB42644C18D00E4EC74 /* Core */,
				04EC5EB32644C18700E4EC74 /* Module */,
				04EC5EB22644C14100E4EC74 /* Supporting Files */,
				04EC5E892644C0E500E4EC74 /* Preview Content */,
			);
			path = SimpleNews;
			sourceTree = "<group>";
		};
		04EC5E892644C0E500E4EC74 /* Preview Content */ = {
			isa = PBXGroup;
			children = (
				04EC5E8A2644C0E500E4EC74 /* Preview Assets.xcassets */,
			);
			path = "Preview Content";
			sourceTree = "<group>";
		};
		04EC5E972644C0E500E4EC74 /* SimpleNewsTests */ = {
			isa = PBXGroup;
			children = (
				04EC5E982644C0E500E4EC74 /* SimpleNewsTests.swift */,
				04EC5E9A2644C0E500E4EC74 /* Info.plist */,
			);
			path = SimpleNewsTests;
			sourceTree = "<group>";
		};
		04EC5EA22644C0E500E4EC74 /* SimpleNewsUITests */ = {
			isa = PBXGroup;
			children = (
				04EC5EA32644C0E500E4EC74 /* SimpleNewsUITests.swift */,
				04EC5EA52644C0E500E4EC74 /* Info.plist */,
			);
			path = SimpleNewsUITests;
			sourceTree = "<group>";
		};
		04EC5EB12644C13400E4EC74 /* App */ = {
			isa = PBXGroup;
			children = (
				04EC5E812644C0E400E4EC74 /* AppDelegate.swift */,
				04EC5E832644C0E400E4EC74 /* SceneDelegate.swift */,
				04EC5E852644C0E400E4EC74 /* ContentView.swift */,
			);
			path = App;
			sourceTree = "<group>";
		};
		04EC5EB22644C14100E4EC74 /* Supporting Files */ = {
			isa = PBXGroup;
			children = (
				04EC5E872644C0E500E4EC74 /* Assets.xcassets */,
				04EC5E8C2644C0E500E4EC74 /* LaunchScreen.storyboard */,
				04EC5E8F2644C0E500E4EC74 /* Info.plist */,
			);
			path = "Supporting Files";
			sourceTree = "<group>";
		};
		04EC5EB32644C18700E4EC74 /* Module */ = {
			isa = PBXGroup;
			children = (
				04EC5EB92644C1AA00E4EC74 /* Home */,
			);
			path = Module;
			sourceTree = "<group>";
		};
		04EC5EB42644C18D00E4EC74 /* Core */ = {
			isa = PBXGroup;
			children = (
				04EC5EB52644C19100E4EC74 /* DI */,
				04EC5EB82644C19E00E4EC74 /* Domain */,
				04EC5EB72644C19C00E4EC74 /* Data */,
				04EC5EB62644C19500E4EC74 /* Utils */,
			);
			path = Core;
			sourceTree = "<group>";
		};
		04EC5EB52644C19100E4EC74 /* DI */ = {
			isa = PBXGroup;
			children = (
				04EC5ED62644CC9700E4EC74 /* Injection.swift */,
			);
			path = DI;
			sourceTree = "<group>";
		};
		04EC5EB62644C19500E4EC74 /* Utils */ = {
			isa = PBXGroup;
			children = (
				047D542A26465153005095EC /* API */,
				04EC5ECF2644C82300E4EC74 /* Extenstion */,
				04EC5ECE2644C81F00E4EC74 /* Mapper */,
			);
			path = Utils;
			sourceTree = "<group>";
		};
		04EC5EB72644C19C00E4EC74 /* Data */ = {
			isa = PBXGroup;
			children = (
				04EC5ED42644CB5A00E4EC74 /* Repository.swift */,
				04EC5EBD2644C1C300E4EC74 /* Remote */,
				04EC5EBC2644C1BF00E4EC74 /* Locale */,
			);
			path = Data;
			sourceTree = "<group>";
		};
		04EC5EB82644C19E00E4EC74 /* Domain */ = {
			isa = PBXGroup;
			children = (
				04EC5EBB2644C1B400E4EC74 /* UseCase */,
				04EC5EBA2644C1B100E4EC74 /* Model */,
			);
			path = Domain;
			sourceTree = "<group>";
		};
		04EC5EB92644C1AA00E4EC74 /* Home */ = {
			isa = PBXGroup;
			children = (
				04EC5ED92644CD0300E4EC74 /* View */,
				04EC5EDA2644CD0C00E4EC74 /* Presenter */,
				04EC5ED82644CCED00E4EC74 /* Router */,
				047D542126464FCC005095EC /* Others */,
			);
			path = Home;
			sourceTree = "<group>";
		};
		04EC5EBA2644C1B100E4EC74 /* Model */ = {
			isa = PBXGroup;
			children = (
				04EC5ECC2644C61600E4EC74 /* NewsModel.swift */,
				043E12C0264746BB00C7879E /* VideoModel.swift */,
			);
			path = Model;
			sourceTree = "<group>";
		};
		04EC5EBB2644C1B400E4EC74 /* UseCase */ = {
			isa = PBXGroup;
			children = (
				04EC5ED22644CB3E00E4EC74 /* HomeUseCase.swift */,
				047D542F26465544005095EC /* TopNewsUseCase.swift */,
				043E12C42647510C00C7879E /* NewsDetailUseCase.swift */,
			);
			path = UseCase;
			sourceTree = "<group>";
		};
		04EC5EBC2644C1BF00E4EC74 /* Locale */ = {
			isa = PBXGroup;
			children = (
				04EC5EC42644C32500E4EC74 /* Entity */,
			);
			path = Locale;
			sourceTree = "<group>";
		};
		04EC5EBD2644C1C300E4EC74 /* Remote */ = {
			isa = PBXGroup;
			children = (
				04EC5EC72644C47100E4EC74 /* RemoteDataSource.swift */,
				04EC5EC32644C32000E4EC74 /* Response */,
			);
			path = Remote;
			sourceTree = "<group>";
		};
		04EC5EC32644C32000E4EC74 /* Response */ = {
			isa = PBXGroup;
			children = (
				04EC5EC52644C44B00E4EC74 /* NewsResponse.swift */,
				043E12BE2647458300C7879E /* VideoResponse.swift */,
			);
			path = Response;
			sourceTree = "<group>";
		};
		04EC5EC42644C32500E4EC74 /* Entity */ = {
			isa = PBXGroup;
			children = (
			);
			path = Entity;
			sourceTree = "<group>";
		};
		04EC5ECE2644C81F00E4EC74 /* Mapper */ = {
			isa = PBXGroup;
			children = (
				04EC5ED02644C83600E4EC74 /* NewsMapper.swift */,
				043E12C226474CFC00C7879E /* VideoMapper.swift */,
			);
			path = Mapper;
			sourceTree = "<group>";
		};
		04EC5ECF2644C82300E4EC74 /* Extenstion */ = {
			isa = PBXGroup;
			children = (
			);
			path = Extenstion;
			sourceTree = "<group>";
		};
		04EC5ED82644CCED00E4EC74 /* Router */ = {
			isa = PBXGroup;
			children = (
				047D5431264655CA005095EC /* HomeRouter.swift */,
			);
			path = Router;
			sourceTree = "<group>";
		};
		04EC5ED92644CD0300E4EC74 /* View */ = {
			isa = PBXGroup;
			children = (
				04EC5EDD2644CD4400E4EC74 /* HomeView.swift */,
				04A8479826452C600038A464 /* NewsListItem.swift */,
				04A8479A26453C6E0038A464 /* TopicBlockItem.swift */,
			);
			path = View;
			sourceTree = "<group>";
		};
		04EC5EDA2644CD0C00E4EC74 /* Presenter */ = {
			isa = PBXGroup;
			children = (
				04EC5EDB2644CD2C00E4EC74 /* HomePresenter.swift */,
			);
			path = Presenter;
			sourceTree = "<group>";
		};
/* End PBXGroup section */

/* Begin PBXNativeTarget section */
		04EC5E7D2644C0E400E4EC74 /* SimpleNews */ = {
			isa = PBXNativeTarget;
			buildConfigurationList = 04EC5EA82644C0E500E4EC74 /* Build configuration list for PBXNativeTarget "SimpleNews" */;
			buildPhases = (
				04EC5E7A2644C0E400E4EC74 /* Sources */,
				04EC5E7B2644C0E400E4EC74 /* Frameworks */,
				04EC5E7C2644C0E400E4EC74 /* Resources */,
				04EC5EC22644C26F00E4EC74 /* ShellScript */,
			);
			buildRules = (
			);
			dependencies = (
			);
			name = SimpleNews;
			packageProductDependencies = (
				04EC5ECA2644C56800E4EC74 /* Alamofire */,
				04A8479626452B140038A464 /* SDWebImageSwiftUI */,
			);
			productName = SimpleNews;
			productReference = 04EC5E7E2644C0E400E4EC74 /* SimpleNews.app */;
			productType = "com.apple.product-type.application";
		};
		04EC5E932644C0E500E4EC74 /* SimpleNewsTests */ = {
			isa = PBXNativeTarget;
			buildConfigurationList = 04EC5EAB2644C0E500E4EC74 /* Build configuration list for PBXNativeTarget "SimpleNewsTests" */;
			buildPhases = (
				04EC5E902644C0E500E4EC74 /* Sources */,
				04EC5E912644C0E500E4EC74 /* Frameworks */,
				04EC5E922644C0E500E4EC74 /* Resources */,
			);
			buildRules = (
			);
			dependencies = (
				04EC5E962644C0E500E4EC74 /* PBXTargetDependency */,
			);
			name = SimpleNewsTests;
			productName = SimpleNewsTests;
			productReference = 04EC5E942644C0E500E4EC74 /* SimpleNewsTests.xctest */;
			productType = "com.apple.product-type.bundle.unit-test";
		};
		04EC5E9E2644C0E500E4EC74 /* SimpleNewsUITests */ = {
			isa = PBXNativeTarget;
			buildConfigurationList = 04EC5EAE2644C0E500E4EC74 /* Build configuration list for PBXNativeTarget "SimpleNewsUITests" */;
			buildPhases = (
				04EC5E9B2644C0E500E4EC74 /* Sources */,
				04EC5E9C2644C0E500E4EC74 /* Frameworks */,
				04EC5E9D2644C0E500E4EC74 /* Resources */,
			);
			buildRules = (
			);
			dependencies = (
				04EC5EA12644C0E500E4EC74 /* PBXTargetDependency */,
			);
			name = SimpleNewsUITests;
			productName = SimpleNewsUITests;
			productReference = 04EC5E9F2644C0E500E4EC74 /* SimpleNewsUITests.xctest */;
			productType = "com.apple.product-type.bundle.ui-testing";
		};
/* End PBXNativeTarget section */

/* Begin PBXProject section */
		04EC5E762644C0E400E4EC74 /* Project object */ = {
			isa = PBXProject;
			attributes = {
				LastSwiftUpdateCheck = 1250;
				LastUpgradeCheck = 1250;
				TargetAttributes = {
					04EC5E7D2644C0E400E4EC74 = {
						CreatedOnToolsVersion = 12.5;
					};
					04EC5E932644C0E500E4EC74 = {
						CreatedOnToolsVersion = 12.5;
						TestTargetID = 04EC5E7D2644C0E400E4EC74;
					};
					04EC5E9E2644C0E500E4EC74 = {
						CreatedOnToolsVersion = 12.5;
						TestTargetID = 04EC5E7D2644C0E400E4EC74;
					};
				};
			};
			buildConfigurationList = 04EC5E792644C0E400E4EC74 /* Build configuration list for PBXProject "SimpleNews" */;
			compatibilityVersion = "Xcode 9.3";
			developmentRegion = en;
			hasScannedForEncodings = 0;
			knownRegions = (
				en,
				Base,
			);
			mainGroup = 04EC5E752644C0E400E4EC74;
			packageReferences = (
				04EC5EC92644C56800E4EC74 /* XCRemoteSwiftPackageReference "Alamofire" */,
				04A8479526452B140038A464 /* XCRemoteSwiftPackageReference "SDWebImageSwiftUI" */,
			);
			productRefGroup = 04EC5E7F2644C0E400E4EC74 /* Products */;
			projectDirPath = "";
			projectRoot = "";
			targets = (
				04EC5E7D2644C0E400E4EC74 /* SimpleNews */,
				04EC5E932644C0E500E4EC74 /* SimpleNewsTests */,
				04EC5E9E2644C0E500E4EC74 /* SimpleNewsUITests */,
			);
		};
/* End PBXProject section */

/* Begin PBXResourcesBuildPhase section */
		04EC5E7C2644C0E400E4EC74 /* Resources */ = {
			isa = PBXResourcesBuildPhase;
			buildActionMask = 2147483647;
			files = (
				04EC5EC12644C25600E4EC74 /* .swiftlint.yml in Resources */,
				04EC5E8E2644C0E500E4EC74 /* LaunchScreen.storyboard in Resources */,
				04EC5E8B2644C0E500E4EC74 /* Preview Assets.xcassets in Resources */,
				04EC5E882644C0E500E4EC74 /* Assets.xcassets in Resources */,
			);
			runOnlyForDeploymentPostprocessing = 0;
		};
		04EC5E922644C0E500E4EC74 /* Resources */ = {
			isa = PBXResourcesBuildPhase;
			buildActionMask = 2147483647;
			files = (
			);
			runOnlyForDeploymentPostprocessing = 0;
		};
		04EC5E9D2644C0E500E4EC74 /* Resources */ = {
			isa = PBXResourcesBuildPhase;
			buildActionMask = 2147483647;
			files = (
			);
			runOnlyForDeploymentPostprocessing = 0;
		};
/* End PBXResourcesBuildPhase section */

/* Begin PBXShellScriptBuildPhase section */
		04EC5EC22644C26F00E4EC74 /* ShellScript */ = {
			isa = PBXShellScriptBuildPhase;
			buildActionMask = 2147483647;
			files = (
			);
			inputFileListPaths = (
			);
			inputPaths = (
			);
			outputFileListPaths = (
			);
			outputPaths = (
			);
			runOnlyForDeploymentPostprocessing = 0;
			shellPath = /bin/sh;
			shellScript = "# Type a script or drag a script file from your workspace to insert its path.\nscript\nif which swiftlint >/dev/null; then \n    swiftlint \nelse \n    echo \"warning: SwiftLint not installed, download from https://github.com/realm/SwiftLint\" \nfi\n";
		};
/* End PBXShellScriptBuildPhase section */

/* Begin PBXSourcesBuildPhase section */
		04EC5E7A2644C0E400E4EC74 /* Sources */ = {
			isa = PBXSourcesBuildPhase;
			buildActionMask = 2147483647;
			files = (
				04EC5ECD2644C61600E4EC74 /* NewsModel.swift in Sources */,
				041BAB2426467A050052DB2E /* WebView.swift in Sources */,
				04EC5E822644C0E400E4EC74 /* AppDelegate.swift in Sources */,
				04EC5EC82644C47100E4EC74 /* RemoteDataSource.swift in Sources */,
				043E12BF2647458300C7879E /* VideoResponse.swift in Sources */,
				04EC5ED12644C83600E4EC74 /* NewsMapper.swift in Sources */,
				047D5432264655CA005095EC /* HomeRouter.swift in Sources */,
				0477E6212647D487006F2CBB /* TopNewsRouter.swift in Sources */,
				04A8479B26453C6E0038A464 /* TopicBlockItem.swift in Sources */,
				043E12C1264746BB00C7879E /* VideoModel.swift in Sources */,
				043E12C52647510C00C7879E /* NewsDetailUseCase.swift in Sources */,
				04EC5EC62644C44B00E4EC74 /* NewsResponse.swift in Sources */,
				04A8479926452C600038A464 /* NewsListItem.swift in Sources */,
				04EC5ED72644CC9700E4EC74 /* Injection.swift in Sources */,
				041BAB2626467A3E0052DB2E /* NewsDetailView.swift in Sources */,
				04EC5E842644C0E400E4EC74 /* SceneDelegate.swift in Sources */,
				045C63722649EF4A0034D443 /* YoutubeView.swift in Sources */,
				041BAB2826467C0E0052DB2E /* NewsDetailPresenter.swift in Sources */,
				041BAB2B264682F00052DB2E /* DetailRouter.swift in Sources */,
				04EC5ED32644CB3E00E4EC74 /* HomeUseCase.swift in Sources */,
				047D5427264650CA005095EC /* TopNewsView.swift in Sources */,
				04EC5E862644C0E400E4EC74 /* ContentView.swift in Sources */,
				04EC5EDE2644CD4400E4EC74 /* HomeView.swift in Sources */,
				043E12C326474CFC00C7879E /* VideoMapper.swift in Sources */,
				047D542E26465260005095EC /* TopNewsPresenter.swift in Sources */,
				047D543026465544005095EC /* TopNewsUseCase.swift in Sources */,
				04EC5ED52644CB5A00E4EC74 /* Repository.swift in Sources */,
				047D542C2646515A005095EC /* ApiCall.swift in Sources */,
				0477E61F2647B403006F2CBB /* VideoListItem.swift in Sources */,
				04EC5EDC2644CD2C00E4EC74 /* HomePresenter.swift in Sources */,
			);
			runOnlyForDeploymentPostprocessing = 0;
		};
		04EC5E902644C0E500E4EC74 /* Sources */ = {
			isa = PBXSourcesBuildPhase;
			buildActionMask = 2147483647;
			files = (
				04EC5E992644C0E500E4EC74 /* SimpleNewsTests.swift in Sources */,
			);
			runOnlyForDeploymentPostprocessing = 0;
		};
		04EC5E9B2644C0E500E4EC74 /* Sources */ = {
			isa = PBXSourcesBuildPhase;
			buildActionMask = 2147483647;
			files = (
				04EC5EA42644C0E500E4EC74 /* SimpleNewsUITests.swift in Sources */,
			);
			runOnlyForDeploymentPostprocessing = 0;
		};
/* End PBXSourcesBuildPhase section */

/* Begin PBXTargetDependency section */
		04EC5E962644C0E500E4EC74 /* PBXTargetDependency */ = {
			isa = PBXTargetDependency;
			target = 04EC5E7D2644C0E400E4EC74 /* SimpleNews */;
			targetProxy = 04EC5E952644C0E500E4EC74 /* PBXContainerItemProxy */;
		};
		04EC5EA12644C0E500E4EC74 /* PBXTargetDependency */ = {
			isa = PBXTargetDependency;
			target = 04EC5E7D2644C0E400E4EC74 /* SimpleNews */;
			targetProxy = 04EC5EA02644C0E500E4EC74 /* PBXContainerItemProxy */;
		};
/* End PBXTargetDependency section */

/* Begin PBXVariantGroup section */
		04EC5E8C2644C0E500E4EC74 /* LaunchScreen.storyboard */ = {
			isa = PBXVariantGroup;
			children = (
				04EC5E8D2644C0E500E4EC74 /* Base */,
			);
			name = LaunchScreen.storyboard;
			sourceTree = "<group>";
		};
/* End PBXVariantGroup section */

/* Begin XCBuildConfiguration section */
		04EC5EA62644C0E500E4EC74 /* Debug */ = {
			isa = XCBuildConfiguration;
			buildSettings = {
				ALWAYS_SEARCH_USER_PATHS = NO;
				CLANG_ANALYZER_NONNULL = YES;
				CLANG_ANALYZER_NUMBER_OBJECT_CONVERSION = YES_AGGRESSIVE;
				CLANG_CXX_LANGUAGE_STANDARD = "gnu++14";
				CLANG_CXX_LIBRARY = "libc++";
				CLANG_ENABLE_MODULES = YES;
				CLANG_ENABLE_OBJC_ARC = YES;
				CLANG_ENABLE_OBJC_WEAK = YES;
				CLANG_WARN_BLOCK_CAPTURE_AUTORELEASING = YES;
				CLANG_WARN_BOOL_CONVERSION = YES;
				CLANG_WARN_COMMA = YES;
				CLANG_WARN_CONSTANT_CONVERSION = YES;
				CLANG_WARN_DEPRECATED_OBJC_IMPLEMENTATIONS = YES;
				CLANG_WARN_DIRECT_OBJC_ISA_USAGE = YES_ERROR;
				CLANG_WARN_DOCUMENTATION_COMMENTS = YES;
				CLANG_WARN_EMPTY_BODY = YES;
				CLANG_WARN_ENUM_CONVERSION = YES;
				CLANG_WARN_INFINITE_RECURSION = YES;
				CLANG_WARN_INT_CONVERSION = YES;
				CLANG_WARN_NON_LITERAL_NULL_CONVERSION = YES;
				CLANG_WARN_OBJC_IMPLICIT_RETAIN_SELF = YES;
				CLANG_WARN_OBJC_LITERAL_CONVERSION = YES;
				CLANG_WARN_OBJC_ROOT_CLASS = YES_ERROR;
				CLANG_WARN_QUOTED_INCLUDE_IN_FRAMEWORK_HEADER = YES;
				CLANG_WARN_RANGE_LOOP_ANALYSIS = YES;
				CLANG_WARN_STRICT_PROTOTYPES = YES;
				CLANG_WARN_SUSPICIOUS_MOVE = YES;
				CLANG_WARN_UNGUARDED_AVAILABILITY = YES_AGGRESSIVE;
				CLANG_WARN_UNREACHABLE_CODE = YES;
				CLANG_WARN__DUPLICATE_METHOD_MATCH = YES;
				COPY_PHASE_STRIP = NO;
				DEBUG_INFORMATION_FORMAT = dwarf;
				ENABLE_STRICT_OBJC_MSGSEND = YES;
				ENABLE_TESTABILITY = YES;
				GCC_C_LANGUAGE_STANDARD = gnu11;
				GCC_DYNAMIC_NO_PIC = NO;
				GCC_NO_COMMON_BLOCKS = YES;
				GCC_OPTIMIZATION_LEVEL = 0;
				GCC_PREPROCESSOR_DEFINITIONS = (
					"DEBUG=1",
					"$(inherited)",
				);
				GCC_WARN_64_TO_32_BIT_CONVERSION = YES;
				GCC_WARN_ABOUT_RETURN_TYPE = YES_ERROR;
				GCC_WARN_UNDECLARED_SELECTOR = YES;
				GCC_WARN_UNINITIALIZED_AUTOS = YES_AGGRESSIVE;
				GCC_WARN_UNUSED_FUNCTION = YES;
				GCC_WARN_UNUSED_VARIABLE = YES;
				IPHONEOS_DEPLOYMENT_TARGET = 14.5;
				MTL_ENABLE_DEBUG_INFO = INCLUDE_SOURCE;
				MTL_FAST_MATH = YES;
				ONLY_ACTIVE_ARCH = YES;
				SDKROOT = iphoneos;
				SWIFT_ACTIVE_COMPILATION_CONDITIONS = DEBUG;
				SWIFT_OPTIMIZATION_LEVEL = "-Onone";
			};
			name = Debug;
		};
		04EC5EA72644C0E500E4EC74 /* Release */ = {
			isa = XCBuildConfiguration;
			buildSettings = {
				ALWAYS_SEARCH_USER_PATHS = NO;
				CLANG_ANALYZER_NONNULL = YES;
				CLANG_ANALYZER_NUMBER_OBJECT_CONVERSION = YES_AGGRESSIVE;
				CLANG_CXX_LANGUAGE_STANDARD = "gnu++14";
				CLANG_CXX_LIBRARY = "libc++";
				CLANG_ENABLE_MODULES = YES;
				CLANG_ENABLE_OBJC_ARC = YES;
				CLANG_ENABLE_OBJC_WEAK = YES;
				CLANG_WARN_BLOCK_CAPTURE_AUTORELEASING = YES;
				CLANG_WARN_BOOL_CONVERSION = YES;
				CLANG_WARN_COMMA = YES;
				CLANG_WARN_CONSTANT_CONVERSION = YES;
				CLANG_WARN_DEPRECATED_OBJC_IMPLEMENTATIONS = YES;
				CLANG_WARN_DIRECT_OBJC_ISA_USAGE = YES_ERROR;
				CLANG_WARN_DOCUMENTATION_COMMENTS = YES;
				CLANG_WARN_EMPTY_BODY = YES;
				CLANG_WARN_ENUM_CONVERSION = YES;
				CLANG_WARN_INFINITE_RECURSION = YES;
				CLANG_WARN_INT_CONVERSION = YES;
				CLANG_WARN_NON_LITERAL_NULL_CONVERSION = YES;
				CLANG_WARN_OBJC_IMPLICIT_RETAIN_SELF = YES;
				CLANG_WARN_OBJC_LITERAL_CONVERSION = YES;
				CLANG_WARN_OBJC_ROOT_CLASS = YES_ERROR;
				CLANG_WARN_QUOTED_INCLUDE_IN_FRAMEWORK_HEADER = YES;
				CLANG_WARN_RANGE_LOOP_ANALYSIS = YES;
				CLANG_WARN_STRICT_PROTOTYPES = YES;
				CLANG_WARN_SUSPICIOUS_MOVE = YES;
				CLANG_WARN_UNGUARDED_AVAILABILITY = YES_AGGRESSIVE;
				CLANG_WARN_UNREACHABLE_CODE = YES;
				CLANG_WARN__DUPLICATE_METHOD_MATCH = YES;
				COPY_PHASE_STRIP = NO;
				DEBUG_INFORMATION_FORMAT = "dwarf-with-dsym";
				ENABLE_NS_ASSERTIONS = NO;
				ENABLE_STRICT_OBJC_MSGSEND = YES;
				GCC_C_LANGUAGE_STANDARD = gnu11;
				GCC_NO_COMMON_BLOCKS = YES;
				GCC_WARN_64_TO_32_BIT_CONVERSION = YES;
				GCC_WARN_ABOUT_RETURN_TYPE = YES_ERROR;
				GCC_WARN_UNDECLARED_SELECTOR = YES;
				GCC_WARN_UNINITIALIZED_AUTOS = YES_AGGRESSIVE;
				GCC_WARN_UNUSED_FUNCTION = YES;
				GCC_WARN_UNUSED_VARIABLE = YES;
				IPHONEOS_DEPLOYMENT_TARGET = 14.5;
				MTL_ENABLE_DEBUG_INFO = NO;
				MTL_FAST_MATH = YES;
				SDKROOT = iphoneos;
				SWIFT_COMPILATION_MODE = wholemodule;
				SWIFT_OPTIMIZATION_LEVEL = "-O";
				VALIDATE_PRODUCT = YES;
			};
			name = Release;
		};
		04EC5EA92644C0E500E4EC74 /* Debug */ = {
			isa = XCBuildConfiguration;
			buildSettings = {
				ASSETCATALOG_COMPILER_APPICON_NAME = AppIcon;
				ASSETCATALOG_COMPILER_GLOBAL_ACCENT_COLOR_NAME = AccentColor;
				CODE_SIGN_STYLE = Automatic;
				DEVELOPMENT_ASSET_PATHS = "\"SimpleNews/Preview Content\"";
				DEVELOPMENT_TEAM = SWR83G7DDM;
				ENABLE_PREVIEWS = YES;
				INFOPLIST_FILE = "SimpleNews/Supporting Files/Info.plist";
				LD_RUNPATH_SEARCH_PATHS = (
					"$(inherited)",
					"@executable_path/Frameworks",
				);
				PRODUCT_BUNDLE_IDENTIFIER = com.addindev.SimpleNews;
				PRODUCT_NAME = "$(TARGET_NAME)";
				SWIFT_VERSION = 5.0;
				TARGETED_DEVICE_FAMILY = "1,2";
			};
			name = Debug;
		};
		04EC5EAA2644C0E500E4EC74 /* Release */ = {
			isa = XCBuildConfiguration;
			buildSettings = {
				ASSETCATALOG_COMPILER_APPICON_NAME = AppIcon;
				ASSETCATALOG_COMPILER_GLOBAL_ACCENT_COLOR_NAME = AccentColor;
				CODE_SIGN_STYLE = Automatic;
				DEVELOPMENT_ASSET_PATHS = "\"SimpleNews/Preview Content\"";
				DEVELOPMENT_TEAM = SWR83G7DDM;
				ENABLE_PREVIEWS = YES;
				INFOPLIST_FILE = "SimpleNews/Supporting Files/Info.plist";
				LD_RUNPATH_SEARCH_PATHS = (
					"$(inherited)",
					"@executable_path/Frameworks",
				);
				PRODUCT_BUNDLE_IDENTIFIER = com.addindev.SimpleNews;
				PRODUCT_NAME = "$(TARGET_NAME)";
				SWIFT_VERSION = 5.0;
				TARGETED_DEVICE_FAMILY = "1,2";
			};
			name = Release;
		};
		04EC5EAC2644C0E500E4EC74 /* Debug */ = {
			isa = XCBuildConfiguration;
			buildSettings = {
				ALWAYS_EMBED_SWIFT_STANDARD_LIBRARIES = YES;
				BUNDLE_LOADER = "$(TEST_HOST)";
				CODE_SIGN_STYLE = Automatic;
				DEVELOPMENT_TEAM = SWR83G7DDM;
				INFOPLIST_FILE = SimpleNewsTests/Info.plist;
				IPHONEOS_DEPLOYMENT_TARGET = 14.5;
				LD_RUNPATH_SEARCH_PATHS = (
					"$(inherited)",
					"@executable_path/Frameworks",
					"@loader_path/Frameworks",
				);
				PRODUCT_BUNDLE_IDENTIFIER = com.addindev.SimpleNewsTests;
				PRODUCT_NAME = "$(TARGET_NAME)";
				SWIFT_VERSION = 5.0;
				TARGETED_DEVICE_FAMILY = "1,2";
				TEST_HOST = "$(BUILT_PRODUCTS_DIR)/SimpleNews.app/SimpleNews";
			};
			name = Debug;
		};
		04EC5EAD2644C0E500E4EC74 /* Release */ = {
			isa = XCBuildConfiguration;
			buildSettings = {
				ALWAYS_EMBED_SWIFT_STANDARD_LIBRARIES = YES;
				BUNDLE_LOADER = "$(TEST_HOST)";
				CODE_SIGN_STYLE = Automatic;
				DEVELOPMENT_TEAM = SWR83G7DDM;
				INFOPLIST_FILE = SimpleNewsTests/Info.plist;
				IPHONEOS_DEPLOYMENT_TARGET = 14.5;
				LD_RUNPATH_SEARCH_PATHS = (
					"$(inherited)",
					"@executable_path/Frameworks",
					"@loader_path/Frameworks",
				);
				PRODUCT_BUNDLE_IDENTIFIER = com.addindev.SimpleNewsTests;
				PRODUCT_NAME = "$(TARGET_NAME)";
				SWIFT_VERSION = 5.0;
				TARGETED_DEVICE_FAMILY = "1,2";
				TEST_HOST = "$(BUILT_PRODUCTS_DIR)/SimpleNews.app/SimpleNews";
			};
			name = Release;
		};
		04EC5EAF2644C0E500E4EC74 /* Debug */ = {
			isa = XCBuildConfiguration;
			buildSettings = {
				ALWAYS_EMBED_SWIFT_STANDARD_LIBRARIES = YES;
				CODE_SIGN_STYLE = Automatic;
				DEVELOPMENT_TEAM = SWR83G7DDM;
				INFOPLIST_FILE = SimpleNewsUITests/Info.plist;
				LD_RUNPATH_SEARCH_PATHS = (
					"$(inherited)",
					"@executable_path/Frameworks",
					"@loader_path/Frameworks",
				);
				PRODUCT_BUNDLE_IDENTIFIER = com.addindev.SimpleNewsUITests;
				PRODUCT_NAME = "$(TARGET_NAME)";
				SWIFT_VERSION = 5.0;
				TARGETED_DEVICE_FAMILY = "1,2";
				TEST_TARGET_NAME = SimpleNews;
			};
			name = Debug;
		};
		04EC5EB02644C0E500E4EC74 /* Release */ = {
			isa = XCBuildConfiguration;
			buildSettings = {
				ALWAYS_EMBED_SWIFT_STANDARD_LIBRARIES = YES;
				CODE_SIGN_STYLE = Automatic;
				DEVELOPMENT_TEAM = SWR83G7DDM;
				INFOPLIST_FILE = SimpleNewsUITests/Info.plist;
				LD_RUNPATH_SEARCH_PATHS = (
					"$(inherited)",
					"@executable_path/Frameworks",
					"@loader_path/Frameworks",
				);
				PRODUCT_BUNDLE_IDENTIFIER = com.addindev.SimpleNewsUITests;
				PRODUCT_NAME = "$(TARGET_NAME)";
				SWIFT_VERSION = 5.0;
				TARGETED_DEVICE_FAMILY = "1,2";
				TEST_TARGET_NAME = SimpleNews;
			};
			name = Release;
		};
/* End XCBuildConfiguration section */

/* Begin XCConfigurationList section */
		04EC5E792644C0E400E4EC74 /* Build configuration list for PBXProject "SimpleNews" */ = {
			isa = XCConfigurationList;
			buildConfigurations = (
				04EC5EA62644C0E500E4EC74 /* Debug */,
				04EC5EA72644C0E500E4EC74 /* Release */,
			);
			defaultConfigurationIsVisible = 0;
			defaultConfigurationName = Release;
		};
		04EC5EA82644C0E500E4EC74 /* Build configuration list for PBXNativeTarget "SimpleNews" */ = {
			isa = XCConfigurationList;
			buildConfigurations = (
				04EC5EA92644C0E500E4EC74 /* Debug */,
				04EC5EAA2644C0E500E4EC74 /* Release */,
			);
			defaultConfigurationIsVisible = 0;
			defaultConfigurationName = Release;
		};
		04EC5EAB2644C0E500E4EC74 /* Build configuration list for PBXNativeTarget "SimpleNewsTests" */ = {
			isa = XCConfigurationList;
			buildConfigurations = (
				04EC5EAC2644C0E500E4EC74 /* Debug */,
				04EC5EAD2644C0E500E4EC74 /* Release */,
			);
			defaultConfigurationIsVisible = 0;
			defaultConfigurationName = Release;
		};
		04EC5EAE2644C0E500E4EC74 /* Build configuration list for PBXNativeTarget "SimpleNewsUITests" */ = {
			isa = XCConfigurationList;
			buildConfigurations = (
				04EC5EAF2644C0E500E4EC74 /* Debug */,
				04EC5EB02644C0E500E4EC74 /* Release */,
			);
			defaultConfigurationIsVisible = 0;
			defaultConfigurationName = Release;
		};
/* End XCConfigurationList section */

/* Begin XCRemoteSwiftPackageReference section */
		04A8479526452B140038A464 /* XCRemoteSwiftPackageReference "SDWebImageSwiftUI" */ = {
			isa = XCRemoteSwiftPackageReference;
			repositoryURL = "https://github.com/SDWebImage/SDWebImageSwiftUI.git";
			requirement = {
				kind = upToNextMajorVersion;
				minimumVersion = 2.0.2;
			};
		};
		04EC5EC92644C56800E4EC74 /* XCRemoteSwiftPackageReference "Alamofire" */ = {
			isa = XCRemoteSwiftPackageReference;
			repositoryURL = "https://github.com/Alamofire/Alamofire.git";
			requirement = {
				kind = upToNextMajorVersion;
				minimumVersion = 5.4.3;
			};
		};
/* End XCRemoteSwiftPackageReference section */

/* Begin XCSwiftPackageProductDependency section */
		04A8479626452B140038A464 /* SDWebImageSwiftUI */ = {
			isa = XCSwiftPackageProductDependency;
			package = 04A8479526452B140038A464 /* XCRemoteSwiftPackageReference "SDWebImageSwiftUI" */;
			productName = SDWebImageSwiftUI;
		};
		04EC5ECA2644C56800E4EC74 /* Alamofire */ = {
			isa = XCSwiftPackageProductDependency;
			package = 04EC5EC92644C56800E4EC74 /* XCRemoteSwiftPackageReference "Alamofire" */;
			productName = Alamofire;
		};
/* End XCSwiftPackageProductDependency section */
	};
	rootObject = 04EC5E762644C0E400E4EC74 /* Project object */;
}
